symfony 3e9d937eb8fedb8a585559e04311ee9a39db421f
twig 5bba14970604a26469af90b605d10c716b3af411
monolog b704c49a3051536f67f2d39f13568f74615b9922
doctrine-common b886898821288d305862ee9c567cc5b5cbb4c0dc
doctrine-dbal ae358bd94ec09d7d3ad92ca7820e67825ad9e5f4
doctrine da0e3439aba4c8bf5e8a6ee4ccee5ce2624be8d1
swiftmailer 982b4c9498b7dd85e70f6d35e65d909c888e6345
assetic f829ad23d23c87480151a21faad49fefe7c09e5d
twig-extensions 446d870272cd87a720e95242eade38a2acf56eaa
metadata 30c622cad82e39a6856b981a9bfb9df06b3cc067
SensioFrameworkExtraBundle cb61b92ed55241d93ed9726bc3f5f47c7d2ce8fe
JMSSecurityExtraBundle e752f888c51425f71382c056961f10f2be642102
SensioDistributionBundle 20b66a408084ad8752f98e50f10533f5245310bf
SensioGeneratorBundle b1ccb78c1743f30817b0fce9bb5c6baff6ed7bf8
AsseticBundle 41b5913b5086a0909af92adcb4a6005ee0051b16
doctrine-fixtures 8fb90c55c0bfbf4e090adb8c0281f9a3c81735e7
DoctrineFixturesBundle a66be2f077f3a4e5c3801b356b42b8782f1abbd6
KnpMenu d7a5eafa6711351b5989bd86bfa74d058e6a55ec
KnpMenuBundle c20933d2b988a3bd0944a0fd9e00068c30f0d27f
FOSUserBundle b3dc5faf0017a621537dd5ec44047be5ad5bb82e
Imagine 0b237f6ef5e4fca0ab246ffe429e5a8c9dcb80f0
AvalancheImagineBundle 29c5338cc9c7177d71dd51e8c3ab9652479e6ff4
MopaBootstrapBundle 1c83975363d9d4a40b55eec7f7488c9ba00ec43c